// !$*UTF8*$!
{
	archiveVersion = 1;
	classes = {
	};
	objectVersion = 55;
	objects = {

/* Begin PBXBuildFile section */
		03CFF46928B355BC003603E3 /* AppDelegate.swift in Sources */ = {isa = PBXBuildFile; fileRef = 03CFF46828B355BC003603E3 /* AppDelegate.swift */; };
		03CFF46B28B355BC003603E3 /* SceneDelegate.swift in Sources */ = {isa = PBXBuildFile; fileRef = 03CFF46A28B355BC003603E3 /* SceneDelegate.swift */; };
		03CFF46D28B355BC003603E3 /* ViewController.swift in Sources */ = {isa = PBXBuildFile; fileRef = 03CFF46C28B355BC003603E3 /* ViewController.swift */; };
		03CFF47028B355BC003603E3 /* Main.storyboard in Resources */ = {isa = PBXBuildFile; fileRef = 03CFF46E28B355BC003603E3 /* Main.storyboard */; };
		03CFF47228B355C0003603E3 /* Assets.xcassets in Resources */ = {isa = PBXBuildFile; fileRef = 03CFF47128B355C0003603E3 /* Assets.xcassets */; };
		03CFF47528B355C0003603E3 /* LaunchScreen.storyboard in Resources */ = {isa = PBXBuildFile; fileRef = 03CFF47328B355C0003603E3 /* LaunchScreen.storyboard */; };
		03CFF48028B355C1003603E3 /* ImagePickerTests.swift in Sources */ = {isa = PBXBuildFile; fileRef = 03CFF47F28B355C1003603E3 /* ImagePickerTests.swift */; };
		03CFF48A28B355C1003603E3 /* ImagePickerUITests.swift in Sources */ = {isa = PBXBuildFile; fileRef = 03CFF48928B355C1003603E3 /* ImagePickerUITests.swift */; };
		03CFF48C28B355C1003603E3 /* ImagePickerUITestsLaunchTests.swift in Sources */ = {isa = PBXBuildFile; fileRef = 03CFF48B28B355C1003603E3 /* ImagePickerUITestsLaunchTests.swift */; };
		03CFF49B28B35AFA003603E3 /* AssetCell.swift in Sources */ = {isa = PBXBuildFile; fileRef = 03CFF49A28B35AFA003603E3 /* AssetCell.swift */; };
/* End PBXBuildFile section */

/* Begin PBXContainerItemProxy section */
		03CFF47C28B355C1003603E3 /* PBXContainerItemProxy */ = {
			isa = PBXContainerItemProxy;
			containerPortal = 03CFF45D28B355BC003603E3 /* Project object */;
			proxyType = 1;
			remoteGlobalIDString = 03CFF46428B355BC003603E3;
			remoteInfo = ImagePicker;
		};
		03CFF48628B355C1003603E3 /* PBXContainerItemProxy */ = {
			isa = PBXContainerItemProxy;
			containerPortal = 03CFF45D28B355BC003603E3 /* Project object */;
			proxyType = 1;
			remoteGlobalIDString = 03CFF46428B355BC003603E3;
			remoteInfo = ImagePicker;
		};
/* End PBXContainerItemProxy section */

/* Begin PBXFileReference section */
		03CFF46528B355BC003603E3 /* ImagePicker.app */ = {isa = PBXFileReference; explicitFileType = wrapper.application; includeInIndex = 0; path = ImagePicker.app; sourceTree = BUILT_PRODUCTS_DIR; };
		03CFF46828B355BC003603E3 /* AppDelegate.swift */ = {isa = PBXFileReference; lastKnownFileType = sourcecode.swift; path = AppDelegate.swift; sourceTree = "<group>"; };
		03CFF46A28B355BC003603E3 /* SceneDelegate.swift */ = {isa = PBXFileReference; lastKnownFileType = sourcecode.swift; path = SceneDelegate.swift; sourceTree = "<group>"; };
		03CFF46C28B355BC003603E3 /* ViewController.swift */ = {isa = PBXFileReference; lastKnownFileType = sourcecode.swift; path = ViewController.swift; sourceTree = "<group>"; };
		03CFF46F28B355BC003603E3 /* Base */ = {isa = PBXFileReference; lastKnownFileType = file.storyboard; name = Base; path = Base.lproj/Main.storyboard; sourceTree = "<group>"; };
		03CFF47128B355C0003603E3 /* Assets.xcassets */ = {isa = PBXFileReference; lastKnownFileType = folder.assetcatalog; path = Assets.xcassets; sourceTree = "<group>"; };
		03CFF47428B355C0003603E3 /* Base */ = {isa = PBXFileReference; lastKnownFileType = file.storyboard; name = Base; path = Base.lproj/LaunchScreen.storyboard; sourceTree = "<group>"; };
		03CFF47628B355C0003603E3 /* Info.plist */ = {isa = PBXFileReference; lastKnownFileType = text.plist.xml; path = Info.plist; sourceTree = "<group>"; };
		03CFF47B28B355C1003603E3 /* ImagePickerTests.xctest */ = {isa = PBXFileReference; explicitFileType = wrapper.cfbundle; includeInIndex = 0; path = ImagePickerTests.xctest; sourceTree = BUILT_PRODUCTS_DIR; };
		03CFF47F28B355C1003603E3 /* ImagePickerTests.swift */ = {isa = PBXFileReference; lastKnownFileType = sourcecode.swift; path = ImagePickerTests.swift; sourceTree = "<group>"; };
		03CFF48528B355C1003603E3 /* ImagePickerUITests.xctest */ = {isa = PBXFileReference; explicitFileType = wrapper.cfbundle; includeInIndex = 0; path = ImagePickerUITests.xctest; sourceTree = BUILT_PRODUCTS_DIR; };
		03CFF48928B355C1003603E3 /* ImagePickerUITests.swift */ = {isa = PBXFileReference; lastKnownFileType = sourcecode.swift; path = ImagePickerUITests.swift; sourceTree = "<group>"; };
		03CFF48B28B355C1003603E3 /* ImagePickerUITestsLaunchTests.swift */ = {isa = PBXFileReference; lastKnownFileType = sourcecode.swift; path = ImagePickerUITestsLaunchTests.swift; sourceTree = "<group>"; };
		03CFF49A28B35AFA003603E3 /* AssetCell.swift */ = {isa = PBXFileReference; lastKnownFileType = sourcecode.swift; path = AssetCell.swift; sourceTree = "<group>"; };
/* End PBXFileReference section */

/* Begin PBXFrameworksBuildPhase section */
		03CFF46228B355BC003603E3 /* Frameworks */ = {
			isa = PBXFrameworksBuildPhase;
			buildActionMask = 2147483647;
			files = (
			);
			runOnlyForDeploymentPostprocessing = 0;
		};
		03CFF47828B355C1003603E3 /* Frameworks */ = {
			isa = PBXFrameworksBuildPhase;
			buildActionMask = 2147483647;
			files = (
			);
			runOnlyForDeploymentPostprocessing = 0;
		};
		03CFF48228B355C1003603E3 /* Frameworks */ = {
			isa = PBXFrameworksBuildPhase;
			buildActionMask = 2147483647;
			files = (
			);
			runOnlyForDeploymentPostprocessing = 0;
		};
/* End PBXFrameworksBuildPhase section */

/* Begin PBXGroup section */
		03CFF45C28B355BC003603E3 = {
			isa = PBXGroup;
			children = (
				03CFF46728B355BC003603E3 /* ImagePicker */,
				03CFF47E28B355C1003603E3 /* ImagePickerTests */,
				03CFF48828B355C1003603E3 /* ImagePickerUITests */,
				03CFF46628B355BC003603E3 /* Products */,
			);
			sourceTree = "<group>";
		};
		03CFF46628B355BC003603E3 /* Products */ = {
			isa = PBXGroup;
			children = (
				03CFF46528B355BC003603E3 /* ImagePicker.app */,
				03CFF47B28B355C1003603E3 /* ImagePickerTests.xctest */,
				03CFF48528B355C1003603E3 /* ImagePickerUITests.xctest */,
			);
			name = Products;
			sourceTree = "<group>";
		};
		03CFF46728B355BC003603E3 /* ImagePicker */ = {
			isa = PBXGroup;
			children = (
				03CFF46828B355BC003603E3 /* AppDelegate.swift */,
				03CFF46A28B355BC003603E3 /* SceneDelegate.swift */,
				03CFF46C28B355BC003603E3 /* ViewController.swift */,
				03CFF46E28B355BC003603E3 /* Main.storyboard */,
				03CFF49A28B35AFA003603E3 /* AssetCell.swift */,
				03CFF47128B355C0003603E3 /* Assets.xcassets */,
				03CFF47328B355C0003603E3 /* LaunchScreen.storyboard */,
				03CFF47628B355C0003603E3 /* Info.plist */,
			);
			path = ImagePicker;
			sourceTree = "<group>";
		};
		03CFF47E28B355C1003603E3 /* ImagePickerTests */ = {
			isa = PBXGroup;
			children = (
				03CFF47F28B355C1003603E3 /* ImagePickerTests.swift */,
			);
			path = ImagePickerTests;
			sourceTree = "<group>";
		};
		03CFF48828B355C1003603E3 /* ImagePickerUITests */ = {
			isa = PBXGroup;
			children = (
				03CFF48928B355C1003603E3 /* ImagePickerUITests.swift */,
				03CFF48B28B355C1003603E3 /* ImagePickerUITestsLaunchTests.swift */,
			);
			path = ImagePickerUITests;
			sourceTree = "<group>";
		};
/* End PBXGroup section */

/* Begin PBXNativeTarget section */
		03CFF46428B355BC003603E3 /* ImagePicker */ = {
			isa = PBXNativeTarget;
			buildConfigurationList = 03CFF48F28B355C1003603E3 /* Build configuration list for PBXNativeTarget "ImagePicker" */;
			buildPhases = (
				03CFF46128B355BC003603E3 /* Sources */,
				03CFF46228B355BC003603E3 /* Frameworks */,
				03CFF46328B355BC003603E3 /* Resources */,
			);
			buildRules = (
			);
			dependencies = (
			);
			name = ImagePicker;
			productName = ImagePicker;
			productReference = 03CFF46528B355BC003603E3 /* ImagePicker.app */;
			productType = "com.apple.product-type.application";
		};
		03CFF47A28B355C1003603E3 /* ImagePickerTests */ = {
			isa = PBXNativeTarget;
			buildConfigurationList = 03CFF49228B355C1003603E3 /* Build configuration list for PBXNativeTarget "ImagePickerTests" */;
			buildPhases = (
				03CFF47728B355C1003603E3 /* Sources */,
				03CFF47828B355C1003603E3 /* Frameworks */,
				03CFF47928B355C1003603E3 /* Resources */,
			);
			buildRules = (
			);
			dependencies = (
				03CFF47D28B355C1003603E3 /* PBXTargetDependency */,
			);
			name = ImagePickerTests;
			productName = ImagePickerTests;
			productReference = 03CFF47B28B355C1003603E3 /* ImagePickerTests.xctest */;
			productType = "com.apple.product-type.bundle.unit-test";
		};
		03CFF48428B355C1003603E3 /* ImagePickerUITests */ = {
			isa = PBXNativeTarget;
			buildConfigurationList = 03CFF49528B355C1003603E3 /* Build configuration list for PBXNativeTarget "ImagePickerUITests" */;
			buildPhases = (
				03CFF48128B355C1003603E3 /* Sources */,
				03CFF48228B355C1003603E3 /* Frameworks */,
				03CFF48328B355C1003603E3 /* Resources */,
			);
			buildRules = (
			);
			dependencies = (
				03CFF48728B355C1003603E3 /* PBXTargetDependency */,
			);
			name = ImagePickerUITests;
			productName = ImagePickerUITests;
			productReference = 03CFF48528B355C1003603E3 /* ImagePickerUITests.xctest */;
			productType = "com.apple.product-type.bundle.ui-testing";
		};
/* End PBXNativeTarget section */

/* Begin PBXProject section */
		03CFF45D28B355BC003603E3 /* Project object */ = {
			isa = PBXProject;
			attributes = {
				BuildIndependentTargetsInParallel = 1;
				LastSwiftUpdateCheck = 1320;
				LastUpgradeCheck = 1320;
				TargetAttributes = {
					03CFF46428B355BC003603E3 = {
						CreatedOnToolsVersion = 13.2.1;
					};
					03CFF47A28B355C1003603E3 = {
						CreatedOnToolsVersion = 13.2.1;
						TestTargetID = 03CFF46428B355BC003603E3;
					};
					03CFF48428B355C1003603E3 = {
						CreatedOnToolsVersion = 13.2.1;
						TestTargetID = 03CFF46428B355BC003603E3;
					};
				};
			};
			buildConfigurationList = 03CFF46028B355BC003603E3 /* Build configuration list for PBXProject "ImagePicker" */;
			compatibilityVersion = "Xcode 13.0";
			developmentRegion = en;
			hasScannedForEncodings = 0;
			knownRegions = (
				en,
				Base,
			);
			mainGroup = 03CFF45C28B355BC003603E3;
			productRefGroup = 03CFF46628B355BC003603E3 /* Products */;
			projectDirPath = "";
			projectRoot = "";
			targets = (
				03CFF46428B355BC003603E3 /* ImagePicker */,
				03CFF47A28B355C1003603E3 /* ImagePickerTests */,
				03CFF48428B355C1003603E3 /* ImagePickerUITests */,
			);
		};
/* End PBXProject section */

/* Begin PBXResourcesBuildPhase section */
		03CFF46328B355BC003603E3 /* Resources */ = {
			isa = PBXResourcesBuildPhase;
			buildActionMask = 2147483647;
			files = (
				03CFF47528B355C0003603E3 /* LaunchScreen.storyboard in Resources */,
				03CFF47228B355C0003603E3 /* Assets.xcassets in Resources */,
				03CFF47028B355BC003603E3 /* Main.storyboard in Resources */,
			);
			runOnlyForDeploymentPostprocessing = 0;
		};
		03CFF47928B355C1003603E3 /* Resources */ = {
			isa = PBXResourcesBuildPhase;
			buildActionMask = 2147483647;
			files = (
			);
			runOnlyForDeploymentPostprocessing = 0;
		};
		03CFF48328B355C1003603E3 /* Resources */ = {
			isa = PBXResourcesBuildPhase;
			buildActionMask = 2147483647;
			files = (
			);
			runOnlyForDeploymentPostprocessing = 0;
		};
/* End PBXResourcesBuildPhase section */

/* Begin PBXSourcesBuildPhase section */
		03CFF46128B355BC003603E3 /* Sources */ = {
			isa = PBXSourcesBuildPhase;
			buildActionMask = 2147483647;
			files = (
				03CFF46D28B355BC003603E3 /* ViewController.swift in Sources */,
				03CFF46928B355BC003603E3 /* AppDelegate.swift in Sources */,
				03CFF49B28B35AFA003603E3 /* AssetCell.swift in Sources */,
				03CFF46B28B355BC003603E3 /* SceneDelegate.swift in Sources */,
			);
			runOnlyForDeploymentPostprocessing = 0;
		};
		03CFF47728B355C1003603E3 /* Sources */ = {
			isa = PBXSourcesBuildPhase;
			buildActionMask = 2147483647;
			files = (
				03CFF48028B355C1003603E3 /* ImagePickerTests.swift in Sources */,
			);
			runOnlyForDeploymentPostprocessing = 0;
		};
		03CFF48128B355C1003603E3 /* Sources */ = {
			isa = PBXSourcesBuildPhase;
			buildActionMask = 2147483647;
			files = (
				03CFF48C28B355C1003603E3 /* ImagePickerUITestsLaunchTests.swift in Sources */,
				03CFF48A28B355C1003603E3 /* ImagePickerUITests.swift in Sources */,
			);
			runOnlyForDeploymentPostprocessing = 0;
		};
/* End PBXSourcesBuildPhase section */

/* Begin PBXTargetDependency section */
		03CFF47D28B355C1003603E3 /* PBXTargetDependency */ = {
			isa = PBXTargetDependency;
			target = 03CFF46428B355BC003603E3 /* ImagePicker */;
			targetProxy = 03CFF47C28B355C1003603E3 /* PBXContainerItemProxy */;
		};
		03CFF48728B355C1003603E3 /* PBXTargetDependency */ = {
			isa = PBXTargetDependency;
			target = 03CFF46428B355BC003603E3 /* ImagePicker */;
			targetProxy = 03CFF48628B355C1003603E3 /* PBXContainerItemProxy */;
		};
/* End PBXTargetDependency section */

/* Begin PBXVariantGroup section */
		03CFF46E28B355BC003603E3 /* Main.storyboard */ = {
			isa = PBXVariantGroup;
			children = (
				03CFF46F28B355BC003603E3 /* Base */,
			);
			name = Main.storyboard;
			sourceTree = "<group>";
		};
		03CFF47328B355C0003603E3 /* LaunchScreen.storyboard */ = {
			isa = PBXVariantGroup;
			children = (
				03CFF47428B355C0003603E3 /* Base */,
			);
			name = LaunchScreen.storyboard;
			sourceTree = "<group>";
		};
/* End PBXVariantGroup section */

/* Begin XCBuildConfiguration section */
		03CFF48D28B355C1003603E3 /* Debug */ = {
			isa = XCBuildConfiguration;
			buildSettings = {
				ALWAYS_SEARCH_USER_PATHS = NO;
				CLANG_ANALYZER_NONNULL = YES;
				CLANG_ANALYZER_NUMBER_OBJECT_CONVERSION = YES_AGGRESSIVE;
				CLANG_CXX_LANGUAGE_STANDARD = "gnu++17";
				CLANG_CXX_LIBRARY = "libc++";
				CLANG_ENABLE_MODULES = YES;
				CLANG_ENABLE_OBJC_ARC = YES;
				CLANG_ENABLE_OBJC_WEAK = YES;
				CLANG_WARN_BLOCK_CAPTURE_AUTORELEASING = YES;
				CLANG_WARN_BOOL_CONVERSION = YES;
				CLANG_WARN_COMMA = YES;
				CLANG_WARN_CONSTANT_CONVERSION = YES;
				CLANG_WARN_DEPRECATED_OBJC_IMPLEMENTATIONS = YES;
				CLANG_WARN_DIRECT_OBJC_ISA_USAGE = YES_ERROR;
				CLANG_WARN_DOCUMENTATION_COMMENTS = YES;
				CLANG_WARN_EMPTY_BODY = YES;
				CLANG_WARN_ENUM_CONVERSION = YES;
				CLANG_WARN_INFINITE_RECURSION = YES;
				CLANG_WARN_INT_CONVERSION = YES;
				CLANG_WARN_NON_LITERAL_NULL_CONVERSION = YES;
				CLANG_WARN_OBJC_IMPLICIT_RETAIN_SELF = YES;
				CLANG_WARN_OBJC_LITERAL_CONVERSION = YES;
				CLANG_WARN_OBJC_ROOT_CLASS = YES_ERROR;
				CLANG_WARN_QUOTED_INCLUDE_IN_FRAMEWORK_HEADER = YES;
				CLANG_WARN_RANGE_LOOP_ANALYSIS = YES;
				CLANG_WARN_STRICT_PROTOTYPES = YES;
				CLANG_WARN_SUSPICIOUS_MOVE = YES;
				CLANG_WARN_UNGUARDED_AVAILABILITY = YES_AGGRESSIVE;
				CLANG_WARN_UNREACHABLE_CODE = YES;
				CLANG_WARN__DUPLICATE_METHOD_MATCH = YES;
				COPY_PHASE_STRIP = NO;
				DEBUG_INFORMATION_FORMAT = dwarf;
				ENABLE_STRICT_OBJC_MSGSEND = YES;
				ENABLE_TESTABILITY = YES;
				GCC_C_LANGUAGE_STANDARD = gnu11;
				GCC_DYNAMIC_NO_PIC = NO;
				GCC_NO_COMMON_BLOCKS = YES;
				GCC_OPTIMIZATION_LEVEL = 0;
				GCC_PREPROCESSOR_DEFINITIONS = (
					"DEBUG=1",
					"$(inherited)",
				);
				GCC_WARN_64_TO_32_BIT_CONVERSION = YES;
				GCC_WARN_ABOUT_RETURN_TYPE = YES_ERROR;
				GCC_WARN_UNDECLARED_SELECTOR = YES;
				GCC_WARN_UNINITIALIZED_AUTOS = YES_AGGRESSIVE;
				GCC_WARN_UNUSED_FUNCTION = YES;
				GCC_WARN_UNUSED_VARIABLE = YES;
				IPHONEOS_DEPLOYMENT_TARGET = 15.2;
				MTL_ENABLE_DEBUG_INFO = INCLUDE_SOURCE;
				MTL_FAST_MATH = YES;
				ONLY_ACTIVE_ARCH = YES;
				SDKROOT = iphoneos;
				SWIFT_ACTIVE_COMPILATION_CONDITIONS = DEBUG;
				SWIFT_OPTIMIZATION_LEVEL = "-Onone";
			};
			name = Debug;
		};
		03CFF48E28B355C1003603E3 /* Release */ = {
			isa = XCBuildConfiguration;
			buildSettings = {
				ALWAYS_SEARCH_USER_PATHS = NO;
				CLANG_ANALYZER_NONNULL = YES;
				CLANG_ANALYZER_NUMBER_OBJECT_CONVERSION = YES_AGGRESSIVE;
				CLANG_CXX_LANGUAGE_STANDARD = "gnu++17";
				CLANG_CXX_LIBRARY = "libc++";
				CLANG_ENABLE_MODULES = YES;
				CLANG_ENABLE_OBJC_ARC = YES;
				CLANG_ENABLE_OBJC_WEAK = YES;
				CLANG_WARN_BLOCK_CAPTURE_AUTORELEASING = YES;
				CLANG_WARN_BOOL_CONVERSION = YES;
				CLANG_WARN_COMMA = YES;
				CLANG_WARN_CONSTANT_CONVERSION = YES;
				CLANG_WARN_DEPRECATED_OBJC_IMPLEMENTATIONS = YES;
				CLANG_WARN_DIRECT_OBJC_ISA_USAGE = YES_ERROR;
				CLANG_WARN_DOCUMENTATION_COMMENTS = YES;
				CLANG_WARN_EMPTY_BODY = YES;
				CLANG_WARN_ENUM_CONVERSION = YES;
				CLANG_WARN_INFINITE_RECURSION = YES;
				CLANG_WARN_INT_CONVERSION = YES;
				CLANG_WARN_NON_LITERAL_NULL_CONVERSION = YES;
				CLANG_WARN_OBJC_IMPLICIT_RETAIN_SELF = YES;
				CLANG_WARN_OBJC_LITERAL_CONVERSION = YES;
				CLANG_WARN_OBJC_ROOT_CLASS = YES_ERROR;
				CLANG_WARN_QUOTED_INCLUDE_IN_FRAMEWORK_HEADER = YES;
				CLANG_WARN_RANGE_LOOP_ANALYSIS = YES;
				CLANG_WARN_STRICT_PROTOTYPES = YES;
				CLANG_WARN_SUSPICIOUS_MOVE = YES;
				CLANG_WARN_UNGUARDED_AVAILABILITY = YES_AGGRESSIVE;
				CLANG_WARN_UNREACHABLE_CODE = YES;
				CLANG_WARN__DUPLICATE_METHOD_MATCH = YES;
				COPY_PHASE_STRIP = NO;
				DEBUG_INFORMATION_FORMAT = "dwarf-with-dsym";
				ENABLE_NS_ASSERTIONS = NO;
				ENABLE_STRICT_OBJC_MSGSEND = YES;
				GCC_C_LANGUAGE_STANDARD = gnu11;
				GCC_NO_COMMON_BLOCKS = YES;
				GCC_WARN_64_TO_32_BIT_CONVERSION = YES;
				GCC_WARN_ABOUT_RETURN_TYPE = YES_ERROR;
				GCC_WARN_UNDECLARED_SELECTOR = YES;
				GCC_WARN_UNINITIALIZED_AUTOS = YES_AGGRESSIVE;
				GCC_WARN_UNUSED_FUNCTION = YES;
				GCC_WARN_UNUSED_VARIABLE = YES;
				IPHONEOS_DEPLOYMENT_TARGET = 15.2;
				MTL_ENABLE_DEBUG_INFO = NO;
				MTL_FAST_MATH = YES;
				SDKROOT = iphoneos;
				SWIFT_COMPILATION_MODE = wholemodule;
				SWIFT_OPTIMIZATION_LEVEL = "-O";
				VALIDATE_PRODUCT = YES;
			};
			name = Release;
		};
		03CFF49028B355C1003603E3 /* Debug */ = {
			isa = XCBuildConfiguration;
			buildSettings = {
				ASSETCATALOG_COMPILER_APPICON_NAME = AppIcon;
				ASSETCATALOG_COMPILER_GLOBAL_ACCENT_COLOR_NAME = AccentColor;
				CODE_SIGN_STYLE = Automatic;
				CURRENT_PROJECT_VERSION = 1;
				DEVELOPMENT_TEAM = T8JM8TER43;
				GENERATE_INFOPLIST_FILE = YES;
				INFOPLIST_FILE = ImagePicker/Info.plist;
				INFOPLIST_KEY_NSPhotoLibraryUsageDescription = "\"テスト用文言です\"";
				INFOPLIST_KEY_UIApplicationSupportsIndirectInputEvents = YES;
				INFOPLIST_KEY_UILaunchStoryboardName = LaunchScreen;
				INFOPLIST_KEY_UIMainStoryboardFile = Main;
				INFOPLIST_KEY_UISupportedInterfaceOrientations_iPad = "UIInterfaceOrientationPortrait UIInterfaceOrientationPortraitUpsideDown UIInterfaceOrientationLandscapeLeft UIInterfaceOrientationLandscapeRight";
				INFOPLIST_KEY_UISupportedInterfaceOrientations_iPhone = "UIInterfaceOrientationPortrait UIInterfaceOrientationLandscapeLeft UIInterfaceOrientationLandscapeRight";
				LD_RUNPATH_SEARCH_PATHS = (
					"$(inherited)",
					"@executable_path/Frameworks",
				);
				MARKETING_VERSION = 1.0;
				PRODUCT_BUNDLE_IDENTIFIER = "com.noodlekim.code-your-life.ImagePicker";
				PRODUCT_NAME = "$(TARGET_NAME)";
				SWIFT_EMIT_LOC_STRINGS = YES;
				SWIFT_VERSION = 5.0;
				TARGETED_DEVICE_FAMILY = "1,2";
			};
			name = Debug;
		};
		03CFF49128B355C1003603E3 /* Release */ = {
			isa = XCBuildConfiguration;
			buildSettings = {
				ASSETCATALOG_COMPILER_APPICON_NAME = AppIcon;
				ASSETCATALOG_COMPILER_GLOBAL_ACCENT_COLOR_NAME = AccentColor;
				CODE_SIGN_STYLE = Automatic;
				CURRENT_PROJECT_VERSION = 1;
				DEVELOPMENT_TEAM = T8JM8TER43;
				GENERATE_INFOPLIST_FILE = YES;
				INFOPLIST_FILE = ImagePicker/Info.plist;
				INFOPLIST_KEY_NSPhotoLibraryUsageDescription = "\"テスト用文言です\"";
				INFOPLIST_KEY_UIApplicationSupportsIndirectInputEvents = YES;
				INFOPLIST_KEY_UILaunchStoryboardName = LaunchScreen;
				INFOPLIST_KEY_UIMainStoryboardFile = Main;
				INFOPLIST_KEY_UISupportedInterfaceOrientations_iPad = "UIInterfaceOrientationPortrait UIInterfaceOrientationPortraitUpsideDown UIInterfaceOrientationLandscapeLeft UIInterfaceOrientationLandscapeRight";
				INFOPLIST_KEY_UISupportedInterfaceOrientations_iPhone = "UIInterfaceOrientationPortrait UIInterfaceOrientationLandscapeLeft UIInterfaceOrientationLandscapeRight";
				LD_RUNPATH_SEARCH_PATHS = (
					"$(inherited)",
					"@executable_path/Frameworks",
				);
				MARKETING_VERSION = 1.0;
				PRODUCT_BUNDLE_IDENTIFIER = "com.noodlekim.code-your-life.ImagePicker";
				PRODUCT_NAME = "$(TARGET_NAME)";
				SWIFT_EMIT_LOC_STRINGS = YES;
				SWIFT_VERSION = 5.0;
				TARGETED_DEVICE_FAMILY = "1,2";
			};
			name = Release;
		};
		03CFF49328B355C1003603E3 /* Debug */ = {
			isa = XCBuildConfiguration;
			buildSettings = {
				ALWAYS_EMBED_SWIFT_STANDARD_LIBRARIES = YES;
				BUNDLE_LOADER = "$(TEST_HOST)";
				CODE_SIGN_STYLE = Automatic;
				CURRENT_PROJECT_VERSION = 1;
				DEVELOPMENT_TEAM = T8JM8TER43;
				GENERATE_INFOPLIST_FILE = YES;
				IPHONEOS_DEPLOYMENT_TARGET = 15.2;
				MARKETING_VERSION = 1.0;
				PRODUCT_BUNDLE_IDENTIFIER = "com.noodlekim.code-your-life.ImagePickerTests";
				PRODUCT_NAME = "$(TARGET_NAME)";
				SWIFT_EMIT_LOC_STRINGS = NO;
				SWIFT_VERSION = 5.0;
				TARGETED_DEVICE_FAMILY = "1,2";
				TEST_HOST = "$(BUILT_PRODUCTS_DIR)/ImagePicker.app/ImagePicker";
			};
			name = Debug;
		};
		03CFF49428B355C1003603E3 /* Release */ = {
			isa = XCBuildConfiguration;
			buildSettings = {
				ALWAYS_EMBED_SWIFT_STANDARD_LIBRARIES = YES;
				BUNDLE_LOADER = "$(TEST_HOST)";
				CODE_SIGN_STYLE = Automatic;
				CURRENT_PROJECT_VERSION = 1;
				DEVELOPMENT_TEAM = T8JM8TER43;
				GENERATE_INFOPLIST_FILE = YES;
				IPHONEOS_DEPLOYMENT_TARGET = 15.2;
				MARKETING_VERSION = 1.0;
				PRODUCT_BUNDLE_IDENTIFIER = "com.noodlekim.code-your-life.ImagePickerTests";
				PRODUCT_NAME = "$(TARGET_NAME)";
				SWIFT_EMIT_LOC_STRINGS = NO;
				SWIFT_VERSION = 5.0;
				TARGETED_DEVICE_FAMILY = "1,2";
				TEST_HOST = "$(BUILT_PRODUCTS_DIR)/ImagePicker.app/ImagePicker";
			};
			name = Release;
		};
		03CFF49628B355C1003603E3 /* Debug */ = {
			isa = XCBuildConfiguration;
			buildSettings = {
				ALWAYS_EMBED_SWIFT_STANDARD_LIBRARIES = YES;
				CODE_SIGN_STYLE = Automatic;
				CURRENT_PROJECT_VERSION = 1;
				DEVELOPMENT_TEAM = T8JM8TER43;
				GENERATE_INFOPLIST_FILE = YES;
				MARKETING_VERSION = 1.0;
				PRODUCT_BUNDLE_IDENTIFIER = "com.noodlekim.code-your-life.ImagePickerUITests";
				PRODUCT_NAME = "$(TARGET_NAME)";
				SWIFT_EMIT_LOC_STRINGS = NO;
				SWIFT_VERSION = 5.0;
				TARGETED_DEVICE_FAMILY = "1,2";
				TEST_TARGET_NAME = ImagePicker;
			};
			name = Debug;
		};
		03CFF49728B355C1003603E3 /* Release */ = {
			isa = XCBuildConfiguration;
			buildSettings = {
				ALWAYS_EMBED_SWIFT_STANDARD_LIBRARIES = YES;
				CODE_SIGN_STYLE = Automatic;
				CURRENT_PROJECT_VERSION = 1;
				DEVELOPMENT_TEAM = T8JM8TER43;
				GENERATE_INFOPLIST_FILE = YES;
				MARKETING_VERSION = 1.0;
				PRODUCT_BUNDLE_IDENTIFIER = "com.noodlekim.code-your-life.ImagePickerUITests";
				PRODUCT_NAME = "$(TARGET_NAME)";
				SWIFT_EMIT_LOC_STRINGS = NO;
				SWIFT_VERSION = 5.0;
				TARGETED_DEVICE_FAMILY = "1,2";
				TEST_TARGET_NAME = ImagePicker;
			};
			name = Release;
		};
/* End XCBuildConfiguration section */

/* Begin XCConfigurationList section */
		03CFF46028B355BC003603E3 /* Build configuration list for PBXProject "ImagePicker" */ = {
			isa = XCConfigurationList;
			buildConfigurations = (
				03CFF48D28B355C1003603E3 /* Debug */,
				03CFF48E28B355C1003603E3 /* Release */,
			);
			defaultConfigurationIsVisible = 0;
			defaultConfigurationName = Release;
		};
		03CFF48F28B355C1003603E3 /* Build configuration list for PBXNativeTarget "ImagePicker" */ = {
			isa = XCConfigurationList;
			buildConfigurations = (
				03CFF49028B355C1003603E3 /* Debug */,
				03CFF49128B355C1003603E3 /* Release */,
			);
			defaultConfigurationIsVisible = 0;
			defaultConfigurationName = Release;
		};
		03CFF49228B355C1003603E3 /* Build configuration list for PBXNativeTarget "ImagePickerTests" */ = {
			isa = XCConfigurationList;
			buildConfigurations = (
				03CFF49328B355C1003603E3 /* Debug */,
				03CFF49428B355C1003603E3 /* Release */,
			);
			defaultConfigurationIsVisible = 0;
			defaultConfigurationName = Release;
		};
		03CFF49528B355C1003603E3 /* Build configuration list for PBXNativeTarget "ImagePickerUITests" */ = {
			isa = XCConfigurationList;
			buildConfigurations = (
				03CFF49628B355C1003603E3 /* Debug */,
				03CFF49728B355C1003603E3 /* Release */,
			);
			defaultConfigurationIsVisible = 0;
			defaultConfigurationName = Release;
		};
/* End XCConfigurationList section */
	};
	rootObject = 03CFF45D28B355BC003603E3 /* Project object */;
}
